
Microsoft Visual Studio Solution File, Format Version 12.00
# Visual Studio Version 17
VisualStudioVersion = 17.3.32901.215
MinimumVisualStudioVersion = 10.0.40219.1
Project("{9A19103F-16F7-4668-BE54-9A1E7A4F7556}") = "PDSA_System.Server", "PDSA_System\Server\PDSA_System.Server.csproj", "{5BB5FB15-5F34-4A91-969D-D1B990830BB8}"
EndProject
Project("{9A19103F-16F7-4668-BE54-9A1E7A4F7556}") = "PDSA_System.Client", "PDSA_System\Client\PDSA_System.Client.csproj", "{49FB394D-6710-4F23-B32C-F86E519658F8}"
EndProject
Project("{9A19103F-16F7-4668-BE54-9A1E7A4F7556}") = "PDSA_System.Shared", "PDSA_System\Shared\PDSA_System.Shared.csproj", "{36A75BD0-507F-418C-8E14-0F29F692430F}"
EndProject
Global
	GlobalSection(SolutionConfigurationPlatforms) = preSolution
		Debug|Any CPU = Debug|Any CPU
		Release|Any CPU = Release|Any CPU
	EndGlobalSection
	GlobalSection(ProjectConfigurationPlatforms) = postSolution
		{5BB5FB15-5F34-4A91-969D-D1B990830BB8}.Debug|Any CPU.ActiveCfg = Debug|Any CPU
		{5BB5FB15-5F34-4A91-969D-D1B990830BB8}.Debug|Any CPU.Build.0 = Debug|Any CPU
		{5BB5FB15-5F34-4A91-969D-D1B990830BB8}.Release|Any CPU.ActiveCfg = Release|Any CPU
		{5BB5FB15-5F34-4A91-969D-D1B990830BB8}.Release|Any CPU.Build.0 = Release|Any CPU
		{49FB394D-6710-4F23-B32C-F86E519658F8}.Debug|Any CPU.ActiveCfg = Debug|Any CPU
		{49FB394D-6710-4F23-B32C-F86E519658F8}.Debug|Any CPU.Build.0 = Debug|Any CPU
		{49FB394D-6710-4F23-B32C-F86E519658F8}.Release|Any CPU.ActiveCfg = Release|Any CPU
		{49FB394D-6710-4F23-B32C-F86E519658F8}.Release|Any CPU.Build.0 = Release|Any CPU
		{36A75BD0-507F-418C-8E14-0F29F692430F}.Debug|Any CPU.ActiveCfg = Debug|Any CPU
		{36A75BD0-507F-418C-8E14-0F29F692430F}.Debug|Any CPU.Build.0 = Debug|Any CPU
		{36A75BD0-507F-418C-8E14-0F29F692430F}.Release|Any CPU.ActiveCfg = Release|Any CPU
		{36A75BD0-507F-418C-8E14-0F29F692430F}.Release|Any CPU.Build.0 = Release|Any CPU
	EndGlobalSection
	GlobalSection(SolutionProperties) = preSolution
		HideSolutionNode = FALSE
	EndGlobalSection
	GlobalSection(ExtensibilityGlobals) = postSolution
		SolutionGuid = {F33EFE6A-20AD-4A5E-9A12-F2286F5E8509}
	EndGlobalSection
EndGlobal
